// !$*UTF8*$!
{
	archiveVersion = 1;
	classes = {
	};
	objectVersion = 46;
	objects = {

/* Begin PBXBuildFile section */
		D20CAE771EC66EC700171F10 /* AppDelegate.swift in Sources */ = {isa = PBXBuildFile; fileRef = D20CAE761EC66EC700171F10 /* AppDelegate.swift */; };
		D20CAE791EC66EC700171F10 /* ViewController.swift in Sources */ = {isa = PBXBuildFile; fileRef = D20CAE781EC66EC700171F10 /* ViewController.swift */; };
		D20CAE7C1EC66EC700171F10 /* Main.storyboard in Resources */ = {isa = PBXBuildFile; fileRef = D20CAE7A1EC66EC700171F10 /* Main.storyboard */; };
		D20CAE7E1EC66EC700171F10 /* Assets.xcassets in Resources */ = {isa = PBXBuildFile; fileRef = D20CAE7D1EC66EC700171F10 /* Assets.xcassets */; };
		D20CAE811EC66EC700171F10 /* LaunchScreen.storyboard in Resources */ = {isa = PBXBuildFile; fileRef = D20CAE7F1EC66EC700171F10 /* LaunchScreen.storyboard */; };
		D20CAE8A1EC6714500171F10 /* Dwift.swift in Sources */ = {isa = PBXBuildFile; fileRef = D20CAE891EC6714500171F10 /* Dwift.swift */; };
		D20CAE8C1EC674A100171F10 /* BallView.swift in Sources */ = {isa = PBXBuildFile; fileRef = D20CAE8B1EC674A100171F10 /* BallView.swift */; };
/* End PBXBuildFile section */

/* Begin PBXFileReference section */
		D20CAE731EC66EC700171F10 /* natcode_0101.app */ = {isa = PBXFileReference; explicitFileType = wrapper.application; includeInIndex = 0; path = natcode_0101.app; sourceTree = BUILT_PRODUCTS_DIR; };
		D20CAE761EC66EC700171F10 /* AppDelegate.swift */ = {isa = PBXFileReference; lastKnownFileType = sourcecode.swift; path = AppDelegate.swift; sourceTree = "<group>"; };
		D20CAE781EC66EC700171F10 /* ViewController.swift */ = {isa = PBXFileReference; lastKnownFileType = sourcecode.swift; path = ViewController.swift; sourceTree = "<group>"; };
		D20CAE7B1EC66EC700171F10 /* Base */ = {isa = PBXFileReference; lastKnownFileType = file.storyboard; name = Base; path = Base.lproj/Main.storyboard; sourceTree = "<group>"; };
		D20CAE7D1EC66EC700171F10 /* Assets.xcassets */ = {isa = PBXFileReference; lastKnownFileType = folder.assetcatalog; path = Assets.xcassets; sourceTree = "<group>"; };
		D20CAE801EC66EC700171F10 /* Base */ = {isa = PBXFileReference; lastKnownFileType = file.storyboard; name = Base; path = Base.lproj/LaunchScreen.storyboard; sourceTree = "<group>"; };
		D20CAE821EC66EC700171F10 /* Info.plist */ = {isa = PBXFileReference; lastKnownFileType = text.plist.xml; path = Info.plist; sourceTree = "<group>"; };
		D20CAE891EC6714500171F10 /* Dwift.swift */ = {isa = PBXFileReference; fileEncoding = 4; lastKnownFileType = sourcecode.swift; path = Dwift.swift; sourceTree = "<group>"; };
		D20CAE8B1EC674A100171F10 /* BallView.swift */ = {isa = PBXFileReference; fileEncoding = 4; lastKnownFileType = sourcecode.swift; path = BallView.swift; sourceTree = "<group>"; };
/* End PBXFileReference section */

/* Begin PBXFrameworksBuildPhase section */
		D20CAE701EC66EC700171F10 /* Frameworks */ = {
			isa = PBXFrameworksBuildPhase;
			buildActionMask = 2147483647;
			files = (
			);
			runOnlyForDeploymentPostprocessing = 0;
		};
/* End PBXFrameworksBuildPhase section */

/* Begin PBXGroup section */
		D20CAE6A1EC66EC700171F10 = {
			isa = PBXGroup;
			children = (
				D20CAE751EC66EC700171F10 /* natcode_0101 */,
				D20CAE741EC66EC700171F10 /* Products */,
			);
			sourceTree = "<group>";
		};
		D20CAE741EC66EC700171F10 /* Products */ = {
			isa = PBXGroup;
			children = (
				D20CAE731EC66EC700171F10 /* natcode_0101.app */,
			);
			name = Products;
			sourceTree = "<group>";
		};
		D20CAE751EC66EC700171F10 /* natcode_0101 */ = {
			isa = PBXGroup;
			children = (
				D20CAE891EC6714500171F10 /* Dwift.swift */,
				D20CAE881EC6711500171F10 /* SupportingFiles */,
				D20CAE781EC66EC700171F10 /* ViewController.swift */,
				D20CAE7A1EC66EC700171F10 /* Main.storyboard */,
				D20CAE8B1EC674A100171F10 /* BallView.swift */,
				D20CAE7F1EC66EC700171F10 /* LaunchScreen.storyboard */,
			);
			path = natcode_0101;
			sourceTree = "<group>";
		};
		D20CAE881EC6711500171F10 /* SupportingFiles */ = {
			isa = PBXGroup;
			children = (
				D20CAE761EC66EC700171F10 /* AppDelegate.swift */,
				D20CAE7D1EC66EC700171F10 /* Assets.xcassets */,
				D20CAE821EC66EC700171F10 /* Info.plist */,
			);
			name = SupportingFiles;
			sourceTree = "<group>";
		};
/* End PBXGroup section */

/* Begin PBXNativeTarget section */
		D20CAE721EC66EC700171F10 /* natcode_0101 */ = {
			isa = PBXNativeTarget;
			buildConfigurationList = D20CAE851EC66EC700171F10 /* Build configuration list for PBXNativeTarget "natcode_0101" */;
			buildPhases = (
				D20CAE6F1EC66EC700171F10 /* Sources */,
				D20CAE701EC66EC700171F10 /* Frameworks */,
				D20CAE711EC66EC700171F10 /* Resources */,
			);
			buildRules = (
			);
			dependencies = (
			);
			name = natcode_0101;
			productName = natcode_0101;
			productReference = D20CAE731EC66EC700171F10 /* natcode_0101.app */;
			productType = "com.apple.product-type.application";
		};
/* End PBXNativeTarget section */

/* Begin PBXProject section */
		D20CAE6B1EC66EC700171F10 /* Project object */ = {
			isa = PBXProject;
			attributes = {
				LastSwiftUpdateCheck = 0820;
				LastUpgradeCheck = 0820;
				ORGANIZATIONNAME = carlynorama;
				TargetAttributes = {
					D20CAE721EC66EC700171F10 = {
						CreatedOnToolsVersion = 8.2;
						DevelopmentTeam = KH3G9PXA68;
						ProvisioningStyle = Automatic;
					};
				};
			};
			buildConfigurationList = D20CAE6E1EC66EC700171F10 /* Build configuration list for PBXProject "natcode_0101" */;
			compatibilityVersion = "Xcode 3.2";
			developmentRegion = English;
			hasScannedForEncodings = 0;
			knownRegions = (
				en,
				Base,
			);
			mainGroup = D20CAE6A1EC66EC700171F10;
			productRefGroup = D20CAE741EC66EC700171F10 /* Products */;
			projectDirPath = "";
			projectRoot = "";
			targets = (
				D20CAE721EC66EC700171F10 /* natcode_0101 */,
			);
		};
/* End PBXProject section */

/* Begin PBXResourcesBuildPhase section */
		D20CAE711EC66EC700171F10 /* Resources */ = {
			isa = PBXResourcesBuildPhase;
			buildActionMask = 2147483647;
			files = (
				D20CAE811EC66EC700171F10 /* LaunchScreen.storyboard in Resources */,
				D20CAE7E1EC66EC700171F10 /* Assets.xcassets in Resources */,
				D20CAE7C1EC66EC700171F10 /* Main.storyboard in Resources */,
			);
			runOnlyForDeploymentPostprocessing = 0;
		};
/* End PBXResourcesBuildPhase section */

/* Begin PBXSourcesBuildPhase section */
		D20CAE6F1EC66EC700171F10 /* Sources */ = {
			isa = PBXSourcesBuildPhase;
			buildActionMask = 2147483647;
			files = (
				D20CAE8A1EC6714500171F10 /* Dwift.swift in Sources */,
				D20CAE791EC66EC700171F10 /* ViewController.swift in Sources */,
				D20CAE771EC66EC700171F10 /* AppDelegate.swift in Sources */,
				D20CAE8C1EC674A100171F10 /* BallView.swift in Sources */,
			);
			runOnlyForDeploymentPostprocessing = 0;
		};
/* End PBXSourcesBuildPhase section */

/* Begin PBXVariantGroup section */
		D20CAE7A1EC66EC700171F10 /* Main.storyboard */ = {
			isa = PBXVariantGroup;
			children = (
				D20CAE7B1EC66EC700171F10 /* Base */,
			);
			name = Main.storyboard;
			sourceTree = "<group>";
		};
		D20CAE7F1EC66EC700171F10 /* LaunchScreen.storyboard */ = {
			isa = PBXVariantGroup;
			children = (
				D20CAE801EC66EC700171F10 /* Base */,
			);
			name = LaunchScreen.storyboard;
			sourceTree = "<group>";
		};
/* End PBXVariantGroup section */

/* Begin XCBuildConfiguration section */
		D20CAE831EC66EC700171F10 /* Debug */ = {
			isa = XCBuildConfiguration;
			buildSettings = {
				ALWAYS_SEARCH_USER_PATHS = NO;
				CLANG_ANALYZER_NONNULL = YES;
				CLANG_CXX_LANGUAGE_STANDARD = "gnu++0x";
				CLANG_CXX_LIBRARY = "libc++";
				CLANG_ENABLE_MODULES = YES;
				CLANG_ENABLE_OBJC_ARC = YES;
				CLANG_WARN_BOOL_CONVERSION = YES;
				CLANG_WARN_CONSTANT_CONVERSION = YES;
				CLANG_WARN_DIRECT_OBJC_ISA_USAGE = YES_ERROR;
				CLANG_WARN_DOCUMENTATION_COMMENTS = YES;
				CLANG_WARN_EMPTY_BODY = YES;
				CLANG_WARN_ENUM_CONVERSION = YES;
				CLANG_WARN_INFINITE_RECURSION = YES;
				CLANG_WARN_INT_CONVERSION = YES;
				CLANG_WARN_OBJC_ROOT_CLASS = YES_ERROR;
				CLANG_WARN_SUSPICIOUS_MOVE = YES;
				CLANG_WARN_UNREACHABLE_CODE = YES;
				CLANG_WARN__DUPLICATE_METHOD_MATCH = YES;
				"CODE_SIGN_IDENTITY[sdk=iphoneos*]" = "iPhone Developer";
				COPY_PHASE_STRIP = NO;
				DEBUG_INFORMATION_FORMAT = dwarf;
				ENABLE_STRICT_OBJC_MSGSEND = YES;
				ENABLE_TESTABILITY = YES;
				GCC_C_LANGUAGE_STANDARD = gnu99;
				GCC_DYNAMIC_NO_PIC = NO;
				GCC_NO_COMMON_BLOCKS = YES;
				GCC_OPTIMIZATION_LEVEL = 0;
				GCC_PREPROCESSOR_DEFINITIONS = (
					"DEBUG=1",
					"$(inherited)",
				);
				GCC_WARN_64_TO_32_BIT_CONVERSION = YES;
				GCC_WARN_ABOUT_RETURN_TYPE = YES_ERROR;
				GCC_WARN_UNDECLARED_SELECTOR = YES;
				GCC_WARN_UNINITIALIZED_AUTOS = YES_AGGRESSIVE;
				GCC_WARN_UNUSED_FUNCTION = YES;
				GCC_WARN_UNUSED_VARIABLE = YES;
				IPHONEOS_DEPLOYMENT_TARGET = 10.2;
				MTL_ENABLE_DEBUG_INFO = YES;
				ONLY_ACTIVE_ARCH = YES;
				SDKROOT = iphoneos;
				SWIFT_ACTIVE_COMPILATION_CONDITIONS = DEBUG;
				SWIFT_OPTIMIZATION_LEVEL = "-Onone";
				TARGETED_DEVICE_FAMILY = "1,2";
			};
			name = Debug;
		};
		D20CAE841EC66EC700171F10 /* Release */ = {
			isa = XCBuildConfiguration;
			buildSettings = {
				ALWAYS_SEARCH_USER_PATHS = NO;
				CLANG_ANALYZER_NONNULL = YES;
				CLANG_CXX_LANGUAGE_STANDARD = "gnu++0x";
				CLANG_CXX_LIBRARY = "libc++";
				CLANG_ENABLE_MODULES = YES;
				CLANG_ENABLE_OBJC_ARC = YES;
				CLANG_WARN_BOOL_CONVERSION = YES;
				CLANG_WARN_CONSTANT_CONVERSION = YES;
				CLANG_WARN_DIRECT_OBJC_ISA_USAGE = YES_ERROR;
				CLANG_WARN_DOCUMENTATION_COMMENTS = YES;
				CLANG_WARN_EMPTY_BODY = YES;
				CLANG_WARN_ENUM_CONVERSION = YES;
				CLANG_WARN_INFINITE_RECURSION = YES;
				CLANG_WARN_INT_CONVERSION = YES;
				CLANG_WARN_OBJC_ROOT_CLASS = YES_ERROR;
				CLANG_WARN_SUSPICIOUS_MOVE = YES;
				CLANG_WARN_UNREACHABLE_CODE = YES;
				CLANG_WARN__DUPLICATE_METHOD_MATCH = YES;
				"CODE_SIGN_IDENTITY[sdk=iphoneos*]" = "iPhone Developer";
				COPY_PHASE_STRIP = NO;
				DEBUG_INFORMATION_FORMAT = "dwarf-with-dsym";
				ENABLE_NS_ASSERTIONS = NO;
				ENABLE_STRICT_OBJC_MSGSEND = YES;
				GCC_C_LANGUAGE_STANDARD = gnu99;
				GCC_NO_COMMON_BLOCKS = YES;
				GCC_WARN_64_TO_32_BIT_CONVERSION = YES;
				GCC_WARN_ABOUT_RETURN_TYPE = YES_ERROR;
				GCC_WARN_UNDECLARED_SELECTOR = YES;
				GCC_WARN_UNINITIALIZED_AUTOS = YES_AGGRESSIVE;
				GCC_WARN_UNUSED_FUNCTION = YES;
				GCC_WARN_UNUSED_VARIABLE = YES;
				IPHONEOS_DEPLOYMENT_TARGET = 10.2;
				MTL_ENABLE_DEBUG_INFO = NO;
				SDKROOT = iphoneos;
				SWIFT_OPTIMIZATION_LEVEL = "-Owholemodule";
				TARGETED_DEVICE_FAMILY = "1,2";
				VALIDATE_PRODUCT = YES;
			};
			name = Release;
		};
		D20CAE861EC66EC700171F10 /* Debug */ = {
			isa = XCBuildConfiguration;
			buildSettings = {
				ASSETCATALOG_COMPILER_APPICON_NAME = AppIcon;
				DEVELOPMENT_TEAM = KH3G9PXA68;
				INFOPLIST_FILE = natcode_0101/Info.plist;
				LD_RUNPATH_SEARCH_PATHS = "$(inherited) @executable_path/Frameworks";
				PRODUCT_BUNDLE_IDENTIFIER = "com.carlynorama.natcode-0101";
				PRODUCT_NAME = "$(TARGET_NAME)";
				SWIFT_VERSION = 3.0;
			};
			name = Debug;
		};
		D20CAE871EC66EC700171F10 /* Release */ = {
			isa = XCBuildConfiguration;
			buildSettings = {
				ASSETCATALOG_COMPILER_APPICON_NAME = AppIcon;
				DEVELOPMENT_TEAM = KH3G9PXA68;
				INFOPLIST_FILE = natcode_0101/Info.plist;
				LD_RUNPATH_SEARCH_PATHS = "$(inherited) @executable_path/Frameworks";
				PRODUCT_BUNDLE_IDENTIFIER = "com.carlynorama.natcode-0101";
				PRODUCT_NAME = "$(TARGET_NAME)";
				SWIFT_VERSION = 3.0;
			};
			name = Release;
		};
/* End XCBuildConfiguration section */

/* Begin XCConfigurationList section */
		D20CAE6E1EC66EC700171F10 /* Build configuration list for PBXProject "natcode_0101" */ = {
			isa = XCConfigurationList;
			buildConfigurations = (
				D20CAE831EC66EC700171F10 /* Debug */,
				D20CAE841EC66EC700171F10 /* Release */,
			);
			defaultConfigurationIsVisible = 0;
			defaultConfigurationName = Release;
		};
		D20CAE851EC66EC700171F10 /* Build configuration list for PBXNativeTarget "natcode_0101" */ = {
			isa = XCConfigurationList;
			buildConfigurations = (
				D20CAE861EC66EC700171F10 /* Debug */,
				D20CAE871EC66EC700171F10 /* Release */,
			);
			defaultConfigurationIsVisible = 0;
		};
/* End XCConfigurationList section */
	};
	rootObject = D20CAE6B1EC66EC700171F10 /* Project object */;
}
